// !$*UTF8*$!
{
	archiveVersion = 1;
	classes = {
	};
	objectVersion = 55;
	objects = {

/* Begin PBXBuildFile section */
		AF279B5D2907FB530096D526 /* DepartmentView.storyboard in Resources */ = {isa = PBXBuildFile; fileRef = AF279B5C2907FB530096D526 /* DepartmentView.storyboard */; };
		AF279B5F2907FB700096D526 /* DepartmentController.swift in Sources */ = {isa = PBXBuildFile; fileRef = AF279B5E2907FB700096D526 /* DepartmentController.swift */; };
		AF279B61290806980096D526 /* UserInfo.swift in Sources */ = {isa = PBXBuildFile; fileRef = AF279B60290806980096D526 /* UserInfo.swift */; };
		AF4A2B7728EAEE1E008F8AC7 /* ApiStatusLogger.swift in Sources */ = {isa = PBXBuildFile; fileRef = AF4A2B7628EAEE1E008F8AC7 /* ApiStatusLogger.swift */; };
		AF4A2B7928EAEEA9008F8AC7 /* MyLogger.swift in Sources */ = {isa = PBXBuildFile; fileRef = AF4A2B7828EAEEA9008F8AC7 /* MyLogger.swift */; };
		AF4A2B7B28EAEF57008F8AC7 /* LoginRouter.swift in Sources */ = {isa = PBXBuildFile; fileRef = AF4A2B7A28EAEF57008F8AC7 /* LoginRouter.swift */; };
		AF513BD628CA159600580240 /* AppDelegate.swift in Sources */ = {isa = PBXBuildFile; fileRef = AF513BD528CA159600580240 /* AppDelegate.swift */; };
		AF513BD828CA159600580240 /* SceneDelegate.swift in Sources */ = {isa = PBXBuildFile; fileRef = AF513BD728CA159600580240 /* SceneDelegate.swift */; };
		AF513BDA28CA159600580240 /* HomeController.swift in Sources */ = {isa = PBXBuildFile; fileRef = AF513BD928CA159600580240 /* HomeController.swift */; };
		AF513BDD28CA159600580240 /* HomeView.storyboard in Resources */ = {isa = PBXBuildFile; fileRef = AF513BDB28CA159600580240 /* HomeView.storyboard */; };
		AF513BDF28CA159800580240 /* Assets.xcassets in Resources */ = {isa = PBXBuildFile; fileRef = AF513BDE28CA159800580240 /* Assets.xcassets */; };
		AF513BE228CA159800580240 /* LaunchScreen.storyboard in Resources */ = {isa = PBXBuildFile; fileRef = AF513BE028CA159800580240 /* LaunchScreen.storyboard */; };
		AF6C2B1528E47BB30070B3A2 /* SideMenuNavController.swift in Sources */ = {isa = PBXBuildFile; fileRef = AF6C2B1428E47BB30070B3A2 /* SideMenuNavController.swift */; };
		AF6C2B1728E47F620070B3A2 /* SideMenuView.storyboard in Resources */ = {isa = PBXBuildFile; fileRef = AF6C2B1628E47F620070B3A2 /* SideMenuView.storyboard */; };
		AF6E917128D1F24F005480A6 /* UserInfoView.storyboard in Resources */ = {isa = PBXBuildFile; fileRef = AF6E917028D1F24F005480A6 /* UserInfoView.storyboard */; };
		AF79B91628DB14DA0047E8C1 /* PostingView.storyboard in Resources */ = {isa = PBXBuildFile; fileRef = AF79B91528DB14DA0047E8C1 /* PostingView.storyboard */; };
		AF79B91828DB14E70047E8C1 /* PostingController.swift in Sources */ = {isa = PBXBuildFile; fileRef = AF79B91728DB14E70047E8C1 /* PostingController.swift */; };
		AF7CF68828E3176E000EE85E /* ChatingRoomController.swift in Sources */ = {isa = PBXBuildFile; fileRef = AF7CF68728E3176E000EE85E /* ChatingRoomController.swift */; };
		AF827B4128D1E6C800817FE1 /* UserInfoController.swift in Sources */ = {isa = PBXBuildFile; fileRef = AF827B4028D1E6C800817FE1 /* UserInfoController.swift */; };
		AF827B4328D1E70900817FE1 /* TabBarController.swift in Sources */ = {isa = PBXBuildFile; fileRef = AF827B4228D1E70900817FE1 /* TabBarController.swift */; };
		AF827B4528D1ED9500817FE1 /* TabBarView.storyboard in Resources */ = {isa = PBXBuildFile; fileRef = AF827B4428D1ED9500817FE1 /* TabBarView.storyboard */; };
		AF8A007E28F426A4008F8B7A /* LoginView.storyboard in Resources */ = {isa = PBXBuildFile; fileRef = AF8A007D28F426A4008F8B7A /* LoginView.storyboard */; };
		AF8A008328F42743008F8B7A /* UserModel.swift in Sources */ = {isa = PBXBuildFile; fileRef = AF8A008228F42743008F8B7A /* UserModel.swift */; };
		AF8A008828F42799008F8B7A /* LoginController.swift in Sources */ = {isa = PBXBuildFile; fileRef = AF8A008728F42799008F8B7A /* LoginController.swift */; };
		AF8A008A28F4286F008F8B7A /* SignUpView.storyboard in Resources */ = {isa = PBXBuildFile; fileRef = AF8A008928F4286F008F8B7A /* SignUpView.storyboard */; };
		AF8A008C28F429C8008F8B7A /* SignUpController.swift in Sources */ = {isa = PBXBuildFile; fileRef = AF8A008B28F429C8008F8B7A /* SignUpController.swift */; };
		AF98B64328F95A4A0081D807 /* ProductContentsDetail.swift in Sources */ = {isa = PBXBuildFile; fileRef = AF98B64228F95A4A0081D807 /* ProductContentsDetail.swift */; };
		AF9BB5E128DB1A870059E609 /* ChatingListView.storyboard in Resources */ = {isa = PBXBuildFile; fileRef = AF9BB5E028DB1A870059E609 /* ChatingListView.storyboard */; };
		AF9BB5E328DB1B110059E609 /* ChatingListController.swift in Sources */ = {isa = PBXBuildFile; fileRef = AF9BB5E228DB1B110059E609 /* ChatingListController.swift */; };
		AF9BB5EE28DB36840059E609 /* Pretendard-SemiBold.otf in Resources */ = {isa = PBXBuildFile; fileRef = AF9BB5E528DB36840059E609 /* Pretendard-SemiBold.otf */; };
		AF9BB5EF28DB36840059E609 /* Pretendard-Bold.otf in Resources */ = {isa = PBXBuildFile; fileRef = AF9BB5E628DB36840059E609 /* Pretendard-Bold.otf */; };
		AF9BB5F028DB36840059E609 /* Pretendard-Thin.otf in Resources */ = {isa = PBXBuildFile; fileRef = AF9BB5E728DB36840059E609 /* Pretendard-Thin.otf */; };
		AF9BB5F128DB36840059E609 /* Pretendard-Regular.otf in Resources */ = {isa = PBXBuildFile; fileRef = AF9BB5E828DB36840059E609 /* Pretendard-Regular.otf */; };
		AF9BB5F228DB36840059E609 /* Pretendard-ExtraLight.otf in Resources */ = {isa = PBXBuildFile; fileRef = AF9BB5E928DB36840059E609 /* Pretendard-ExtraLight.otf */; };
		AF9BB5F328DB36840059E609 /* Pretendard-Medium.otf in Resources */ = {isa = PBXBuildFile; fileRef = AF9BB5EA28DB36840059E609 /* Pretendard-Medium.otf */; };
		AF9BB5F428DB36840059E609 /* Pretendard-ExtraBold.otf in Resources */ = {isa = PBXBuildFile; fileRef = AF9BB5EB28DB36840059E609 /* Pretendard-ExtraBold.otf */; };
		AF9BB5F528DB36840059E609 /* Pretendard-Black.otf in Resources */ = {isa = PBXBuildFile; fileRef = AF9BB5EC28DB36840059E609 /* Pretendard-Black.otf */; };
		AF9BB5F628DB36840059E609 /* Pretendard-Light.otf in Resources */ = {isa = PBXBuildFile; fileRef = AF9BB5ED28DB36840059E609 /* Pretendard-Light.otf */; };
		AFC2DB6928ED8ED100085A9B /* MapViewController.swift in Sources */ = {isa = PBXBuildFile; fileRef = AFC2DB6828ED8ED100085A9B /* MapViewController.swift */; };
		AFC6BC4928EADC71009A6C5B /* BaseInterceptor.swift in Sources */ = {isa = PBXBuildFile; fileRef = AFC6BC4828EADC71009A6C5B /* BaseInterceptor.swift */; };
		AFC6BC4B28EADD1E009A6C5B /* AlamofireManager.swift in Sources */ = {isa = PBXBuildFile; fileRef = AFC6BC4A28EADD1E009A6C5B /* AlamofireManager.swift */; };
		AFD4B96028EB023B00CFF369 /* UIImage+Extensions.swift in Sources */ = {isa = PBXBuildFile; fileRef = AFD4B95F28EB023B00CFF369 /* UIImage+Extensions.swift */; };
		AFD6F33C28EAF33900E88D86 /* StompManager.swift in Sources */ = {isa = PBXBuildFile; fileRef = AFD6F33B28EAF33900E88D86 /* StompManager.swift */; };
		AFD7BF1D28D5BF7700F42908 /* UINavigationItem+Extensions.swift in Sources */ = {isa = PBXBuildFile; fileRef = AFD7BF1C28D5BF7700F42908 /* UINavigationItem+Extensions.swift */; };
		AFD7BF1F28D5D1E400F42908 /* PostView.storyboard in Resources */ = {isa = PBXBuildFile; fileRef = AFD7BF1E28D5D1E400F42908 /* PostView.storyboard */; };
		AFD7BF2128D5D1F500F42908 /* PostController.swift in Sources */ = {isa = PBXBuildFile; fileRef = AFD7BF2028D5D1F500F42908 /* PostController.swift */; };
		AFE6C03B28E5BB3F006C6AAC /* PlaceView.storyboard in Resources */ = {isa = PBXBuildFile; fileRef = AFE6C03A28E5BB3F006C6AAC /* PlaceView.storyboard */; };
		AFE6C03D28E5BB52006C6AAC /* PlaceController.swift in Sources */ = {isa = PBXBuildFile; fileRef = AFE6C03C28E5BB51006C6AAC /* PlaceController.swift */; };
		AFE6C04028E5BBB0006C6AAC /* ProductContents.swift in Sources */ = {isa = PBXBuildFile; fileRef = AFE6C03F28E5BBB0006C6AAC /* ProductContents.swift */; };
		AFE6C04328E5C225006C6AAC /* Network.swift in Sources */ = {isa = PBXBuildFile; fileRef = AFE6C04228E5C225006C6AAC /* Network.swift */; };
		AFEE466A28F5876E00DA1043 /* PostRouter.swift in Sources */ = {isa = PBXBuildFile; fileRef = AFEE466928F5876E00DA1043 /* PostRouter.swift */; };
		AFF08BF32913CBA6002FF67B /* BottomSheetView.storyboard in Resources */ = {isa = PBXBuildFile; fileRef = AFF08BF22913CBA6002FF67B /* BottomSheetView.storyboard */; };
		AFF08BF52913CBF0002FF67B /* BottomSheetController.swift in Sources */ = {isa = PBXBuildFile; fileRef = AFF08BF42913CBF0002FF67B /* BottomSheetController.swift */; };
		AFF345B928DC652A000DB114 /* MapView.storyboard in Resources */ = {isa = PBXBuildFile; fileRef = AFF345B828DC652A000DB114 /* MapView.storyboard */; };
		D41456969C86041FBC77F7EC /* Pods_SuGo.framework in Frameworks */ = {isa = PBXBuildFile; fileRef = D470B62586794582C8169F7C /* Pods_SuGo.framework */; };
/* End PBXBuildFile section */

/* Begin PBXFileReference section */
		085E25C41FC74F2DA148EB24 /* Pods-SuGo.release.xcconfig */ = {isa = PBXFileReference; includeInIndex = 1; lastKnownFileType = text.xcconfig; name = "Pods-SuGo.release.xcconfig"; path = "Target Support Files/Pods-SuGo/Pods-SuGo.release.xcconfig"; sourceTree = "<group>"; };
		3DB648DA6A2F310C9EC3E62F /* Pods-SuGo.debug.xcconfig */ = {isa = PBXFileReference; includeInIndex = 1; lastKnownFileType = text.xcconfig; name = "Pods-SuGo.debug.xcconfig"; path = "Target Support Files/Pods-SuGo/Pods-SuGo.debug.xcconfig"; sourceTree = "<group>"; };
		AF279B5C2907FB530096D526 /* DepartmentView.storyboard */ = {isa = PBXFileReference; lastKnownFileType = file.storyboard; path = DepartmentView.storyboard; sourceTree = "<group>"; };
		AF279B5E2907FB700096D526 /* DepartmentController.swift */ = {isa = PBXFileReference; lastKnownFileType = sourcecode.swift; path = DepartmentController.swift; sourceTree = "<group>"; };
		AF279B60290806980096D526 /* UserInfo.swift */ = {isa = PBXFileReference; lastKnownFileType = sourcecode.swift; path = UserInfo.swift; sourceTree = "<group>"; };
		AF4A2B7628EAEE1E008F8AC7 /* ApiStatusLogger.swift */ = {isa = PBXFileReference; lastKnownFileType = sourcecode.swift; path = ApiStatusLogger.swift; sourceTree = "<group>"; };
		AF4A2B7828EAEEA9008F8AC7 /* MyLogger.swift */ = {isa = PBXFileReference; lastKnownFileType = sourcecode.swift; path = MyLogger.swift; sourceTree = "<group>"; };
		AF4A2B7A28EAEF57008F8AC7 /* LoginRouter.swift */ = {isa = PBXFileReference; lastKnownFileType = sourcecode.swift; path = LoginRouter.swift; sourceTree = "<group>"; };
		AF513BD228CA159600580240 /* SuGo.app */ = {isa = PBXFileReference; explicitFileType = wrapper.application; includeInIndex = 0; path = SuGo.app; sourceTree = BUILT_PRODUCTS_DIR; };
		AF513BD528CA159600580240 /* AppDelegate.swift */ = {isa = PBXFileReference; lastKnownFileType = sourcecode.swift; path = AppDelegate.swift; sourceTree = "<group>"; };
		AF513BD728CA159600580240 /* SceneDelegate.swift */ = {isa = PBXFileReference; lastKnownFileType = sourcecode.swift; path = SceneDelegate.swift; sourceTree = "<group>"; };
		AF513BD928CA159600580240 /* HomeController.swift */ = {isa = PBXFileReference; lastKnownFileType = sourcecode.swift; path = HomeController.swift; sourceTree = "<group>"; };
		AF513BDC28CA159600580240 /* Base */ = {isa = PBXFileReference; lastKnownFileType = file.storyboard; name = Base; path = Base.lproj/HomeView.storyboard; sourceTree = "<group>"; };
		AF513BDE28CA159800580240 /* Assets.xcassets */ = {isa = PBXFileReference; lastKnownFileType = folder.assetcatalog; path = Assets.xcassets; sourceTree = "<group>"; };
		AF513BE128CA159800580240 /* Base */ = {isa = PBXFileReference; lastKnownFileType = file.storyboard; name = Base; path = Base.lproj/LaunchScreen.storyboard; sourceTree = "<group>"; };
		AF513BE328CA159800580240 /* Info.plist */ = {isa = PBXFileReference; lastKnownFileType = text.plist.xml; path = Info.plist; sourceTree = "<group>"; };
		AF6C2B1428E47BB30070B3A2 /* SideMenuNavController.swift */ = {isa = PBXFileReference; lastKnownFileType = sourcecode.swift; path = SideMenuNavController.swift; sourceTree = "<group>"; };
		AF6C2B1628E47F620070B3A2 /* SideMenuView.storyboard */ = {isa = PBXFileReference; lastKnownFileType = file.storyboard; path = SideMenuView.storyboard; sourceTree = "<group>"; };
		AF6E917028D1F24F005480A6 /* UserInfoView.storyboard */ = {isa = PBXFileReference; lastKnownFileType = file.storyboard; path = UserInfoView.storyboard; sourceTree = "<group>"; };
		AF79B91528DB14DA0047E8C1 /* PostingView.storyboard */ = {isa = PBXFileReference; lastKnownFileType = file.storyboard; path = PostingView.storyboard; sourceTree = "<group>"; };
		AF79B91728DB14E70047E8C1 /* PostingController.swift */ = {isa = PBXFileReference; lastKnownFileType = sourcecode.swift; path = PostingController.swift; sourceTree = "<group>"; };
		AF7CF68728E3176E000EE85E /* ChatingRoomController.swift */ = {isa = PBXFileReference; lastKnownFileType = sourcecode.swift; path = ChatingRoomController.swift; sourceTree = "<group>"; };
		AF827B4028D1E6C800817FE1 /* UserInfoController.swift */ = {isa = PBXFileReference; lastKnownFileType = sourcecode.swift; path = UserInfoController.swift; sourceTree = "<group>"; };
		AF827B4228D1E70900817FE1 /* TabBarController.swift */ = {isa = PBXFileReference; lastKnownFileType = sourcecode.swift; path = TabBarController.swift; sourceTree = "<group>"; };
		AF827B4428D1ED9500817FE1 /* TabBarView.storyboard */ = {isa = PBXFileReference; lastKnownFileType = file.storyboard; path = TabBarView.storyboard; sourceTree = "<group>"; };
		AF8A007D28F426A4008F8B7A /* LoginView.storyboard */ = {isa = PBXFileReference; lastKnownFileType = file.storyboard; path = LoginView.storyboard; sourceTree = "<group>"; };
		AF8A008228F42743008F8B7A /* UserModel.swift */ = {isa = PBXFileReference; lastKnownFileType = sourcecode.swift; path = UserModel.swift; sourceTree = "<group>"; };
		AF8A008728F42799008F8B7A /* LoginController.swift */ = {isa = PBXFileReference; lastKnownFileType = sourcecode.swift; path = LoginController.swift; sourceTree = "<group>"; };
		AF8A008928F4286F008F8B7A /* SignUpView.storyboard */ = {isa = PBXFileReference; lastKnownFileType = file.storyboard; path = SignUpView.storyboard; sourceTree = "<group>"; };
		AF8A008B28F429C8008F8B7A /* SignUpController.swift */ = {isa = PBXFileReference; lastKnownFileType = sourcecode.swift; path = SignUpController.swift; sourceTree = "<group>"; };
		AF98B64228F95A4A0081D807 /* ProductContentsDetail.swift */ = {isa = PBXFileReference; lastKnownFileType = sourcecode.swift; path = ProductContentsDetail.swift; sourceTree = "<group>"; };
		AF9BB5E028DB1A870059E609 /* ChatingListView.storyboard */ = {isa = PBXFileReference; lastKnownFileType = file.storyboard; path = ChatingListView.storyboard; sourceTree = "<group>"; };
		AF9BB5E228DB1B110059E609 /* ChatingListController.swift */ = {isa = PBXFileReference; lastKnownFileType = sourcecode.swift; path = ChatingListController.swift; sourceTree = "<group>"; };
		AF9BB5E528DB36840059E609 /* Pretendard-SemiBold.otf */ = {isa = PBXFileReference; lastKnownFileType = file; path = "Pretendard-SemiBold.otf"; sourceTree = "<group>"; };
		AF9BB5E628DB36840059E609 /* Pretendard-Bold.otf */ = {isa = PBXFileReference; lastKnownFileType = file; path = "Pretendard-Bold.otf"; sourceTree = "<group>"; };
		AF9BB5E728DB36840059E609 /* Pretendard-Thin.otf */ = {isa = PBXFileReference; lastKnownFileType = file; path = "Pretendard-Thin.otf"; sourceTree = "<group>"; };
		AF9BB5E828DB36840059E609 /* Pretendard-Regular.otf */ = {isa = PBXFileReference; lastKnownFileType = file; path = "Pretendard-Regular.otf"; sourceTree = "<group>"; };
		AF9BB5E928DB36840059E609 /* Pretendard-ExtraLight.otf */ = {isa = PBXFileReference; lastKnownFileType = file; path = "Pretendard-ExtraLight.otf"; sourceTree = "<group>"; };
		AF9BB5EA28DB36840059E609 /* Pretendard-Medium.otf */ = {isa = PBXFileReference; lastKnownFileType = file; path = "Pretendard-Medium.otf"; sourceTree = "<group>"; };
		AF9BB5EB28DB36840059E609 /* Pretendard-ExtraBold.otf */ = {isa = PBXFileReference; lastKnownFileType = file; path = "Pretendard-ExtraBold.otf"; sourceTree = "<group>"; };
		AF9BB5EC28DB36840059E609 /* Pretendard-Black.otf */ = {isa = PBXFileReference; lastKnownFileType = file; path = "Pretendard-Black.otf"; sourceTree = "<group>"; };
		AF9BB5ED28DB36840059E609 /* Pretendard-Light.otf */ = {isa = PBXFileReference; lastKnownFileType = file; path = "Pretendard-Light.otf"; sourceTree = "<group>"; };
		AFC2DB6828ED8ED100085A9B /* MapViewController.swift */ = {isa = PBXFileReference; lastKnownFileType = sourcecode.swift; path = MapViewController.swift; sourceTree = "<group>"; };
		AFC6BC4828EADC71009A6C5B /* BaseInterceptor.swift */ = {isa = PBXFileReference; lastKnownFileType = sourcecode.swift; path = BaseInterceptor.swift; sourceTree = "<group>"; };
		AFC6BC4A28EADD1E009A6C5B /* AlamofireManager.swift */ = {isa = PBXFileReference; lastKnownFileType = sourcecode.swift; path = AlamofireManager.swift; sourceTree = "<group>"; };
		AFD4B95F28EB023B00CFF369 /* UIImage+Extensions.swift */ = {isa = PBXFileReference; lastKnownFileType = sourcecode.swift; path = "UIImage+Extensions.swift"; sourceTree = "<group>"; };
		AFD6F33B28EAF33900E88D86 /* StompManager.swift */ = {isa = PBXFileReference; lastKnownFileType = sourcecode.swift; path = StompManager.swift; sourceTree = "<group>"; };
		AFD7BF1C28D5BF7700F42908 /* UINavigationItem+Extensions.swift */ = {isa = PBXFileReference; lastKnownFileType = sourcecode.swift; path = "UINavigationItem+Extensions.swift"; sourceTree = "<group>"; };
		AFD7BF1E28D5D1E400F42908 /* PostView.storyboard */ = {isa = PBXFileReference; lastKnownFileType = file.storyboard; path = PostView.storyboard; sourceTree = "<group>"; };
		AFD7BF2028D5D1F500F42908 /* PostController.swift */ = {isa = PBXFileReference; lastKnownFileType = sourcecode.swift; path = PostController.swift; sourceTree = "<group>"; };
		AFE6C03A28E5BB3F006C6AAC /* PlaceView.storyboard */ = {isa = PBXFileReference; lastKnownFileType = file.storyboard; path = PlaceView.storyboard; sourceTree = "<group>"; };
		AFE6C03C28E5BB51006C6AAC /* PlaceController.swift */ = {isa = PBXFileReference; lastKnownFileType = sourcecode.swift; path = PlaceController.swift; sourceTree = "<group>"; };
		AFE6C03F28E5BBB0006C6AAC /* ProductContents.swift */ = {isa = PBXFileReference; lastKnownFileType = sourcecode.swift; path = ProductContents.swift; sourceTree = "<group>"; };
		AFE6C04228E5C225006C6AAC /* Network.swift */ = {isa = PBXFileReference; lastKnownFileType = sourcecode.swift; path = Network.swift; sourceTree = "<group>"; };
		AFEE466928F5876E00DA1043 /* PostRouter.swift */ = {isa = PBXFileReference; lastKnownFileType = sourcecode.swift; path = PostRouter.swift; sourceTree = "<group>"; };
		AFF08BF22913CBA6002FF67B /* BottomSheetView.storyboard */ = {isa = PBXFileReference; lastKnownFileType = file.storyboard; path = BottomSheetView.storyboard; sourceTree = "<group>"; };
		AFF08BF42913CBF0002FF67B /* BottomSheetController.swift */ = {isa = PBXFileReference; lastKnownFileType = sourcecode.swift; path = BottomSheetController.swift; sourceTree = "<group>"; };
		AFF345B828DC652A000DB114 /* MapView.storyboard */ = {isa = PBXFileReference; lastKnownFileType = file.storyboard; path = MapView.storyboard; sourceTree = "<group>"; };
		D470B62586794582C8169F7C /* Pods_SuGo.framework */ = {isa = PBXFileReference; explicitFileType = wrapper.framework; includeInIndex = 0; path = Pods_SuGo.framework; sourceTree = BUILT_PRODUCTS_DIR; };
/* End PBXFileReference section */

/* Begin PBXFrameworksBuildPhase section */
		AF513BCF28CA159600580240 /* Frameworks */ = {
			isa = PBXFrameworksBuildPhase;
			buildActionMask = 2147483647;
			files = (
				D41456969C86041FBC77F7EC /* Pods_SuGo.framework in Frameworks */,
			);
			runOnlyForDeploymentPostprocessing = 0;
		};
/* End PBXFrameworksBuildPhase section */

/* Begin PBXGroup section */
		09510D306360B300270E98AB /* Pods */ = {
			isa = PBXGroup;
			children = (
				3DB648DA6A2F310C9EC3E62F /* Pods-SuGo.debug.xcconfig */,
				085E25C41FC74F2DA148EB24 /* Pods-SuGo.release.xcconfig */,
			);
			path = Pods;
			sourceTree = "<group>";
		};
		4C5CC79702149F3FADEA2B75 /* Frameworks */ = {
			isa = PBXGroup;
			children = (
				D470B62586794582C8169F7C /* Pods_SuGo.framework */,
			);
			name = Frameworks;
			sourceTree = "<group>";
		};
		AF513BC928CA159600580240 = {
			isa = PBXGroup;
			children = (
				AF513BD428CA159600580240 /* SuGo */,
				AF513BD328CA159600580240 /* Products */,
				09510D306360B300270E98AB /* Pods */,
				4C5CC79702149F3FADEA2B75 /* Frameworks */,
			);
			sourceTree = "<group>";
		};
		AF513BD328CA159600580240 /* Products */ = {
			isa = PBXGroup;
			children = (
				AF513BD228CA159600580240 /* SuGo.app */,
			);
			name = Products;
			sourceTree = "<group>";
		};
		AF513BD428CA159600580240 /* SuGo */ = {
			isa = PBXGroup;
			children = (
				AFE6C04128E5C21D006C6AAC /* Network */,
				AF7CF68928E317E0000EE85E /* STOMP */,
				AFD7BF1B28D5BF3D00F42908 /* Extension */,
				AF513BEB28CA15BB00580240 /* Model */,
				AF513BE928CA15AE00580240 /* View */,
				AF513BEA28CA15B500580240 /* Controller */,
				AF513BEC28CA15EB00580240 /* Resources */,
			);
			path = SuGo;
			sourceTree = "<group>";
		};
		AF513BE928CA15AE00580240 /* View */ = {
			isa = PBXGroup;
			children = (
				AF827B4428D1ED9500817FE1 /* TabBarView.storyboard */,
				AF8A007C28F42683008F8B7A /* Login */,
				AF6C2B0C28E47AF50070B3A2 /* Trade */,
				AF6C2B0E28E47B060070B3A2 /* UserInfo */,
				AF6C2B0F28E47B310070B3A2 /* Chat */,
				AF513BE028CA159800580240 /* LaunchScreen.storyboard */,
			);
			path = View;
			sourceTree = "<group>";
		};
		AF513BEA28CA15B500580240 /* Controller */ = {
			isa = PBXGroup;
			children = (
				AF827B4228D1E70900817FE1 /* TabBarController.swift */,
				AF8A008428F4275A008F8B7A /* Login */,
				AF6C2B1028E47B390070B3A2 /* Trade */,
				AF6C2B1228E47B4C0070B3A2 /* UserInfo */,
				AF6C2B1328E47B510070B3A2 /* Chat */,
			);
			path = Controller;
			sourceTree = "<group>";
		};
		AF513BEB28CA15BB00580240 /* Model */ = {
			isa = PBXGroup;
			children = (
				AF8A008128F42737008F8B7A /* Login */,
				AFE6C03E28E5BB97006C6AAC /* Trade */,
			);
			path = Model;
			sourceTree = "<group>";
		};
		AF513BEC28CA15EB00580240 /* Resources */ = {
			isa = PBXGroup;
			children = (
				AF9BB5E428DB362B0059E609 /* Fonts */,
				AF513BD528CA159600580240 /* AppDelegate.swift */,
				AF513BD728CA159600580240 /* SceneDelegate.swift */,
				AF513BDE28CA159800580240 /* Assets.xcassets */,
				AF513BE328CA159800580240 /* Info.plist */,
			);
			path = Resources;
			sourceTree = "<group>";
		};
		AF6C2B0C28E47AF50070B3A2 /* Trade */ = {
			isa = PBXGroup;
			children = (
				AF6C2B1628E47F620070B3A2 /* SideMenuView.storyboard */,
				AF513BDB28CA159600580240 /* HomeView.storyboard */,
				AFF08BF22913CBA6002FF67B /* BottomSheetView.storyboard */,
				AF79B91528DB14DA0047E8C1 /* PostingView.storyboard */,
				AFF345B828DC652A000DB114 /* MapView.storyboard */,
				AFE6C03A28E5BB3F006C6AAC /* PlaceView.storyboard */,
				AFD7BF1E28D5D1E400F42908 /* PostView.storyboard */,
			);
			path = Trade;
			sourceTree = "<group>";
		};
		AF6C2B0E28E47B060070B3A2 /* UserInfo */ = {
			isa = PBXGroup;
			children = (
				AF6E917028D1F24F005480A6 /* UserInfoView.storyboard */,
			);
			path = UserInfo;
			sourceTree = "<group>";
		};
		AF6C2B0F28E47B310070B3A2 /* Chat */ = {
			isa = PBXGroup;
			children = (
				AF9BB5E028DB1A870059E609 /* ChatingListView.storyboard */,
			);
			path = Chat;
			sourceTree = "<group>";
		};
		AF6C2B1028E47B390070B3A2 /* Trade */ = {
			isa = PBXGroup;
			children = (
				AF6C2B1428E47BB30070B3A2 /* SideMenuNavController.swift */,
				AF513BD928CA159600580240 /* HomeController.swift */,
				AFF08BF42913CBF0002FF67B /* BottomSheetController.swift */,
				AFC2DB6828ED8ED100085A9B /* MapViewController.swift */,
				AF79B91728DB14E70047E8C1 /* PostingController.swift */,
				AFE6C03C28E5BB51006C6AAC /* PlaceController.swift */,
				AFD7BF2028D5D1F500F42908 /* PostController.swift */,
			);
			path = Trade;
			sourceTree = "<group>";
		};
		AF6C2B1228E47B4C0070B3A2 /* UserInfo */ = {
			isa = PBXGroup;
			children = (
				AF827B4028D1E6C800817FE1 /* UserInfoController.swift */,
			);
			path = UserInfo;
			sourceTree = "<group>";
		};
		AF6C2B1328E47B510070B3A2 /* Chat */ = {
			isa = PBXGroup;
			children = (
				AF9BB5E228DB1B110059E609 /* ChatingListController.swift */,
				AF7CF68728E3176E000EE85E /* ChatingRoomController.swift */,
			);
			path = Chat;
			sourceTree = "<group>";
		};
		AF7CF68928E317E0000EE85E /* STOMP */ = {
			isa = PBXGroup;
			children = (
				AFD6F33B28EAF33900E88D86 /* StompManager.swift */,
			);
			path = STOMP;
			sourceTree = "<group>";
		};
		AF8A007C28F42683008F8B7A /* Login */ = {
			isa = PBXGroup;
			children = (
				AF8A007D28F426A4008F8B7A /* LoginView.storyboard */,
				AF8A008928F4286F008F8B7A /* SignUpView.storyboard */,
				AF279B5C2907FB530096D526 /* DepartmentView.storyboard */,
			);
			path = Login;
			sourceTree = "<group>";
		};
		AF8A008128F42737008F8B7A /* Login */ = {
			isa = PBXGroup;
			children = (
				AF8A008228F42743008F8B7A /* UserModel.swift */,
				AF279B60290806980096D526 /* UserInfo.swift */,
			);
			path = Login;
			sourceTree = "<group>";
		};
		AF8A008428F4275A008F8B7A /* Login */ = {
			isa = PBXGroup;
			children = (
				AF8A008728F42799008F8B7A /* LoginController.swift */,
				AF8A008B28F429C8008F8B7A /* SignUpController.swift */,
				AF279B5E2907FB700096D526 /* DepartmentController.swift */,
			);
			path = Login;
			sourceTree = "<group>";
		};
		AF9BB5E428DB362B0059E609 /* Fonts */ = {
			isa = PBXGroup;
			children = (
				AF9BB5EC28DB36840059E609 /* Pretendard-Black.otf */,
				AF9BB5E628DB36840059E609 /* Pretendard-Bold.otf */,
				AF9BB5EB28DB36840059E609 /* Pretendard-ExtraBold.otf */,
				AF9BB5E928DB36840059E609 /* Pretendard-ExtraLight.otf */,
				AF9BB5ED28DB36840059E609 /* Pretendard-Light.otf */,
				AF9BB5EA28DB36840059E609 /* Pretendard-Medium.otf */,
				AF9BB5E828DB36840059E609 /* Pretendard-Regular.otf */,
				AF9BB5E528DB36840059E609 /* Pretendard-SemiBold.otf */,
				AF9BB5E728DB36840059E609 /* Pretendard-Thin.otf */,
			);
			path = Fonts;
			sourceTree = "<group>";
		};
		AFD7BF1B28D5BF3D00F42908 /* Extension */ = {
			isa = PBXGroup;
			children = (
				AFD7BF1C28D5BF7700F42908 /* UINavigationItem+Extensions.swift */,
				AFD4B95F28EB023B00CFF369 /* UIImage+Extensions.swift */,
			);
			path = Extension;
			sourceTree = "<group>";
		};
		AFE6C03E28E5BB97006C6AAC /* Trade */ = {
			isa = PBXGroup;
			children = (
				AFE6C03F28E5BBB0006C6AAC /* ProductContents.swift */,
				AF98B64228F95A4A0081D807 /* ProductContentsDetail.swift */,
			);
			path = Trade;
			sourceTree = "<group>";
		};
		AFE6C04128E5C21D006C6AAC /* Network */ = {
			isa = PBXGroup;
			children = (
				AFE6C04228E5C225006C6AAC /* Network.swift */,
				AFC6BC4828EADC71009A6C5B /* BaseInterceptor.swift */,
				AFC6BC4A28EADD1E009A6C5B /* AlamofireManager.swift */,
				AF4A2B7628EAEE1E008F8AC7 /* ApiStatusLogger.swift */,
				AF4A2B7828EAEEA9008F8AC7 /* MyLogger.swift */,
				AF4A2B7A28EAEF57008F8AC7 /* LoginRouter.swift */,
				AFEE466928F5876E00DA1043 /* PostRouter.swift */,
			);
			path = Network;
			sourceTree = "<group>";
		};
/* End PBXGroup section */

/* Begin PBXNativeTarget section */
		AF513BD128CA159600580240 /* SuGo */ = {
			isa = PBXNativeTarget;
			buildConfigurationList = AF513BE628CA159800580240 /* Build configuration list for PBXNativeTarget "SuGo" */;
			buildPhases = (
				583A87A6CF7C3D39D76925BA /* [CP] Check Pods Manifest.lock */,
				AF513BCE28CA159600580240 /* Sources */,
				AF513BCF28CA159600580240 /* Frameworks */,
				AF513BD028CA159600580240 /* Resources */,
				37BDEEB9194E42EF6C8CB683 /* [CP] Embed Pods Frameworks */,
			);
			buildRules = (
			);
			dependencies = (
			);
			name = SuGo;
			productName = SuGo;
			productReference = AF513BD228CA159600580240 /* SuGo.app */;
			productType = "com.apple.product-type.application";
		};
/* End PBXNativeTarget section */

/* Begin PBXProject section */
		AF513BCA28CA159600580240 /* Project object */ = {
			isa = PBXProject;
			attributes = {
				BuildIndependentTargetsInParallel = 1;
				LastSwiftUpdateCheck = 1340;
				LastUpgradeCheck = 1340;
				TargetAttributes = {
					AF513BD128CA159600580240 = {
						CreatedOnToolsVersion = 13.4.1;
					};
				};
			};
			buildConfigurationList = AF513BCD28CA159600580240 /* Build configuration list for PBXProject "SuGo" */;
			compatibilityVersion = "Xcode 13.0";
			developmentRegion = en;
			hasScannedForEncodings = 0;
			knownRegions = (
				en,
				Base,
			);
			mainGroup = AF513BC928CA159600580240;
			productRefGroup = AF513BD328CA159600580240 /* Products */;
			projectDirPath = "";
			projectRoot = "";
			targets = (
				AF513BD128CA159600580240 /* SuGo */,
			);
		};
/* End PBXProject section */

/* Begin PBXResourcesBuildPhase section */
		AF513BD028CA159600580240 /* Resources */ = {
			isa = PBXResourcesBuildPhase;
			buildActionMask = 2147483647;
			files = (
				AF513BE228CA159800580240 /* LaunchScreen.storyboard in Resources */,
				AF9BB5F128DB36840059E609 /* Pretendard-Regular.otf in Resources */,
				AFF08BF32913CBA6002FF67B /* BottomSheetView.storyboard in Resources */,
				AF9BB5F628DB36840059E609 /* Pretendard-Light.otf in Resources */,
				AF9BB5F428DB36840059E609 /* Pretendard-ExtraBold.otf in Resources */,
				AF9BB5EF28DB36840059E609 /* Pretendard-Bold.otf in Resources */,
				AF827B4528D1ED9500817FE1 /* TabBarView.storyboard in Resources */,
				AF513BDF28CA159800580240 /* Assets.xcassets in Resources */,
				AFE6C03B28E5BB3F006C6AAC /* PlaceView.storyboard in Resources */,
				AF6C2B1728E47F620070B3A2 /* SideMenuView.storyboard in Resources */,
				AF79B91628DB14DA0047E8C1 /* PostingView.storyboard in Resources */,
				AF6E917128D1F24F005480A6 /* UserInfoView.storyboard in Resources */,
				AF8A007E28F426A4008F8B7A /* LoginView.storyboard in Resources */,
				AF9BB5F328DB36840059E609 /* Pretendard-Medium.otf in Resources */,
				AF9BB5F228DB36840059E609 /* Pretendard-ExtraLight.otf in Resources */,
				AF513BDD28CA159600580240 /* HomeView.storyboard in Resources */,
				AF9BB5EE28DB36840059E609 /* Pretendard-SemiBold.otf in Resources */,
				AF9BB5E128DB1A870059E609 /* ChatingListView.storyboard in Resources */,
				AF8A008A28F4286F008F8B7A /* SignUpView.storyboard in Resources */,
				AFF345B928DC652A000DB114 /* MapView.storyboard in Resources */,
				AF279B5D2907FB530096D526 /* DepartmentView.storyboard in Resources */,
				AF9BB5F028DB36840059E609 /* Pretendard-Thin.otf in Resources */,
				AF9BB5F528DB36840059E609 /* Pretendard-Black.otf in Resources */,
				AFD7BF1F28D5D1E400F42908 /* PostView.storyboard in Resources */,
			);
			runOnlyForDeploymentPostprocessing = 0;
		};
/* End PBXResourcesBuildPhase section */

/* Begin PBXShellScriptBuildPhase section */
		37BDEEB9194E42EF6C8CB683 /* [CP] Embed Pods Frameworks */ = {
			isa = PBXShellScriptBuildPhase;
			buildActionMask = 2147483647;
			files = (
			);
			inputFileListPaths = (
				"${PODS_ROOT}/Target Support Files/Pods-SuGo/Pods-SuGo-frameworks-${CONFIGURATION}-input-files.xcfilelist",
			);
			name = "[CP] Embed Pods Frameworks";
			outputFileListPaths = (
				"${PODS_ROOT}/Target Support Files/Pods-SuGo/Pods-SuGo-frameworks-${CONFIGURATION}-output-files.xcfilelist",
			);
			runOnlyForDeploymentPostprocessing = 0;
			shellPath = /bin/sh;
			shellScript = "\"${PODS_ROOT}/Target Support Files/Pods-SuGo/Pods-SuGo-frameworks.sh\"\n";
			showEnvVarsInLog = 0;
		};
		583A87A6CF7C3D39D76925BA /* [CP] Check Pods Manifest.lock */ = {
			isa = PBXShellScriptBuildPhase;
			buildActionMask = 2147483647;
			files = (
			);
			inputFileListPaths = (
			);
			inputPaths = (
				"${PODS_PODFILE_DIR_PATH}/Podfile.lock",
				"${PODS_ROOT}/Manifest.lock",
			);
			name = "[CP] Check Pods Manifest.lock";
			outputFileListPaths = (
			);
			outputPaths = (
				"$(DERIVED_FILE_DIR)/Pods-SuGo-checkManifestLockResult.txt",
			);
			runOnlyForDeploymentPostprocessing = 0;
			shellPath = /bin/sh;
			shellScript = "diff \"${PODS_PODFILE_DIR_PATH}/Podfile.lock\" \"${PODS_ROOT}/Manifest.lock\" > /dev/null\nif [ $? != 0 ] ; then\n    # print error to STDERR\n    echo \"error: The sandbox is not in sync with the Podfile.lock. Run 'pod install' or update your CocoaPods installation.\" >&2\n    exit 1\nfi\n# This output is used by Xcode 'outputs' to avoid re-running this script phase.\necho \"SUCCESS\" > \"${SCRIPT_OUTPUT_FILE_0}\"\n";
			showEnvVarsInLog = 0;
		};
/* End PBXShellScriptBuildPhase section */

/* Begin PBXSourcesBuildPhase section */
		AF513BCE28CA159600580240 /* Sources */ = {
			isa = PBXSourcesBuildPhase;
			buildActionMask = 2147483647;
			files = (
				AFD7BF1D28D5BF7700F42908 /* UINavigationItem+Extensions.swift in Sources */,
				AFC6BC4928EADC71009A6C5B /* BaseInterceptor.swift in Sources */,
				AFD7BF2128D5D1F500F42908 /* PostController.swift in Sources */,
				AF4A2B7B28EAEF57008F8AC7 /* LoginRouter.swift in Sources */,
				AFE6C04328E5C225006C6AAC /* Network.swift in Sources */,
				AF7CF68828E3176E000EE85E /* ChatingRoomController.swift in Sources */,
				AFF08BF52913CBF0002FF67B /* BottomSheetController.swift in Sources */,
				AF6C2B1528E47BB30070B3A2 /* SideMenuNavController.swift in Sources */,
				AF279B61290806980096D526 /* UserInfo.swift in Sources */,
				AF4A2B7728EAEE1E008F8AC7 /* ApiStatusLogger.swift in Sources */,
				AF4A2B7928EAEEA9008F8AC7 /* MyLogger.swift in Sources */,
				AFC2DB6928ED8ED100085A9B /* MapViewController.swift in Sources */,
				AF9BB5E328DB1B110059E609 /* ChatingListController.swift in Sources */,
				AFD6F33C28EAF33900E88D86 /* StompManager.swift in Sources */,
				AF827B4128D1E6C800817FE1 /* UserInfoController.swift in Sources */,
				AF8A008C28F429C8008F8B7A /* SignUpController.swift in Sources */,
				AF8A008328F42743008F8B7A /* UserModel.swift in Sources */,
				AF513BDA28CA159600580240 /* HomeController.swift in Sources */,
				AFE6C04028E5BBB0006C6AAC /* ProductContents.swift in Sources */,
				AFC6BC4B28EADD1E009A6C5B /* AlamofireManager.swift in Sources */,
				AFD4B96028EB023B00CFF369 /* UIImage+Extensions.swift in Sources */,
				AF98B64328F95A4A0081D807 /* ProductContentsDetail.swift in Sources */,
				AF513BD628CA159600580240 /* AppDelegate.swift in Sources */,
				AF8A008828F42799008F8B7A /* LoginController.swift in Sources */,
				AF827B4328D1E70900817FE1 /* TabBarController.swift in Sources */,
				AF513BD828CA159600580240 /* SceneDelegate.swift in Sources */,
				AFE6C03D28E5BB52006C6AAC /* PlaceController.swift in Sources */,
				AF279B5F2907FB700096D526 /* DepartmentController.swift in Sources */,
				AF79B91828DB14E70047E8C1 /* PostingController.swift in Sources */,
				AFEE466A28F5876E00DA1043 /* PostRouter.swift in Sources */,
			);
			runOnlyForDeploymentPostprocessing = 0;
		};
/* End PBXSourcesBuildPhase section */

/* Begin PBXVariantGroup section */
		AF513BDB28CA159600580240 /* HomeView.storyboard */ = {
			isa = PBXVariantGroup;
			children = (
				AF513BDC28CA159600580240 /* Base */,
			);
			name = HomeView.storyboard;
			sourceTree = "<group>";
		};
		AF513BE028CA159800580240 /* LaunchScreen.storyboard */ = {
			isa = PBXVariantGroup;
			children = (
				AF513BE128CA159800580240 /* Base */,
			);
			name = LaunchScreen.storyboard;
			sourceTree = "<group>";
		};
/* End PBXVariantGroup section */

/* Begin XCBuildConfiguration section */
		AF513BE428CA159800580240 /* Debug */ = {
			isa = XCBuildConfiguration;
			buildSettings = {
				ALWAYS_SEARCH_USER_PATHS = NO;
				CLANG_ANALYZER_NONNULL = YES;
				CLANG_ANALYZER_NUMBER_OBJECT_CONVERSION = YES_AGGRESSIVE;
				CLANG_CXX_LANGUAGE_STANDARD = "gnu++17";
				CLANG_ENABLE_MODULES = YES;
				CLANG_ENABLE_OBJC_ARC = YES;
				CLANG_ENABLE_OBJC_WEAK = YES;
				CLANG_WARN_BLOCK_CAPTURE_AUTORELEASING = YES;
				CLANG_WARN_BOOL_CONVERSION = YES;
				CLANG_WARN_COMMA = YES;
				CLANG_WARN_CONSTANT_CONVERSION = YES;
				CLANG_WARN_DEPRECATED_OBJC_IMPLEMENTATIONS = YES;
				CLANG_WARN_DIRECT_OBJC_ISA_USAGE = YES_ERROR;
				CLANG_WARN_DOCUMENTATION_COMMENTS = YES;
				CLANG_WARN_EMPTY_BODY = YES;
				CLANG_WARN_ENUM_CONVERSION = YES;
				CLANG_WARN_INFINITE_RECURSION = YES;
				CLANG_WARN_INT_CONVERSION = YES;
				CLANG_WARN_NON_LITERAL_NULL_CONVERSION = YES;
				CLANG_WARN_OBJC_IMPLICIT_RETAIN_SELF = YES;
				CLANG_WARN_OBJC_LITERAL_CONVERSION = YES;
				CLANG_WARN_OBJC_ROOT_CLASS = YES_ERROR;
				CLANG_WARN_QUOTED_INCLUDE_IN_FRAMEWORK_HEADER = YES;
				CLANG_WARN_RANGE_LOOP_ANALYSIS = YES;
				CLANG_WARN_STRICT_PROTOTYPES = YES;
				CLANG_WARN_SUSPICIOUS_MOVE = YES;
				CLANG_WARN_UNGUARDED_AVAILABILITY = YES_AGGRESSIVE;
				CLANG_WARN_UNREACHABLE_CODE = YES;
				CLANG_WARN__DUPLICATE_METHOD_MATCH = YES;
				COPY_PHASE_STRIP = NO;
				DEBUG_INFORMATION_FORMAT = dwarf;
				ENABLE_STRICT_OBJC_MSGSEND = YES;
				ENABLE_TESTABILITY = YES;
				GCC_C_LANGUAGE_STANDARD = gnu11;
				GCC_DYNAMIC_NO_PIC = NO;
				GCC_NO_COMMON_BLOCKS = YES;
				GCC_OPTIMIZATION_LEVEL = 0;
				GCC_PREPROCESSOR_DEFINITIONS = (
					"DEBUG=1",
					"$(inherited)",
				);
				GCC_WARN_64_TO_32_BIT_CONVERSION = YES;
				GCC_WARN_ABOUT_RETURN_TYPE = YES_ERROR;
				GCC_WARN_UNDECLARED_SELECTOR = YES;
				GCC_WARN_UNINITIALIZED_AUTOS = YES_AGGRESSIVE;
				GCC_WARN_UNUSED_FUNCTION = YES;
				GCC_WARN_UNUSED_VARIABLE = YES;
				IPHONEOS_DEPLOYMENT_TARGET = 15.5;
				MTL_ENABLE_DEBUG_INFO = INCLUDE_SOURCE;
				MTL_FAST_MATH = YES;
				ONLY_ACTIVE_ARCH = YES;
				SDKROOT = iphoneos;
				SWIFT_ACTIVE_COMPILATION_CONDITIONS = DEBUG;
				SWIFT_OPTIMIZATION_LEVEL = "-Onone";
			};
			name = Debug;
		};
		AF513BE528CA159800580240 /* Release */ = {
			isa = XCBuildConfiguration;
			buildSettings = {
				ALWAYS_SEARCH_USER_PATHS = NO;
				CLANG_ANALYZER_NONNULL = YES;
				CLANG_ANALYZER_NUMBER_OBJECT_CONVERSION = YES_AGGRESSIVE;
				CLANG_CXX_LANGUAGE_STANDARD = "gnu++17";
				CLANG_ENABLE_MODULES = YES;
				CLANG_ENABLE_OBJC_ARC = YES;
				CLANG_ENABLE_OBJC_WEAK = YES;
				CLANG_WARN_BLOCK_CAPTURE_AUTORELEASING = YES;
				CLANG_WARN_BOOL_CONVERSION = YES;
				CLANG_WARN_COMMA = YES;
				CLANG_WARN_CONSTANT_CONVERSION = YES;
				CLANG_WARN_DEPRECATED_OBJC_IMPLEMENTATIONS = YES;
				CLANG_WARN_DIRECT_OBJC_ISA_USAGE = YES_ERROR;
				CLANG_WARN_DOCUMENTATION_COMMENTS = YES;
				CLANG_WARN_EMPTY_BODY = YES;
				CLANG_WARN_ENUM_CONVERSION = YES;
				CLANG_WARN_INFINITE_RECURSION = YES;
				CLANG_WARN_INT_CONVERSION = YES;
				CLANG_WARN_NON_LITERAL_NULL_CONVERSION = YES;
				CLANG_WARN_OBJC_IMPLICIT_RETAIN_SELF = YES;
				CLANG_WARN_OBJC_LITERAL_CONVERSION = YES;
				CLANG_WARN_OBJC_ROOT_CLASS = YES_ERROR;
				CLANG_WARN_QUOTED_INCLUDE_IN_FRAMEWORK_HEADER = YES;
				CLANG_WARN_RANGE_LOOP_ANALYSIS = YES;
				CLANG_WARN_STRICT_PROTOTYPES = YES;
				CLANG_WARN_SUSPICIOUS_MOVE = YES;
				CLANG_WARN_UNGUARDED_AVAILABILITY = YES_AGGRESSIVE;
				CLANG_WARN_UNREACHABLE_CODE = YES;
				CLANG_WARN__DUPLICATE_METHOD_MATCH = YES;
				COPY_PHASE_STRIP = NO;
				DEBUG_INFORMATION_FORMAT = "dwarf-with-dsym";
				ENABLE_NS_ASSERTIONS = NO;
				ENABLE_STRICT_OBJC_MSGSEND = YES;
				GCC_C_LANGUAGE_STANDARD = gnu11;
				GCC_NO_COMMON_BLOCKS = YES;
				GCC_WARN_64_TO_32_BIT_CONVERSION = YES;
				GCC_WARN_ABOUT_RETURN_TYPE = YES_ERROR;
				GCC_WARN_UNDECLARED_SELECTOR = YES;
				GCC_WARN_UNINITIALIZED_AUTOS = YES_AGGRESSIVE;
				GCC_WARN_UNUSED_FUNCTION = YES;
				GCC_WARN_UNUSED_VARIABLE = YES;
				IPHONEOS_DEPLOYMENT_TARGET = 15.5;
				MTL_ENABLE_DEBUG_INFO = NO;
				MTL_FAST_MATH = YES;
				SDKROOT = iphoneos;
				SWIFT_COMPILATION_MODE = wholemodule;
				SWIFT_OPTIMIZATION_LEVEL = "-O";
				VALIDATE_PRODUCT = YES;
			};
			name = Release;
		};
		AF513BE728CA159800580240 /* Debug */ = {
			isa = XCBuildConfiguration;
			baseConfigurationReference = 3DB648DA6A2F310C9EC3E62F /* Pods-SuGo.debug.xcconfig */;
			buildSettings = {
				ASSETCATALOG_COMPILER_APPICON_NAME = AppIcon;
				ASSETCATALOG_COMPILER_GLOBAL_ACCENT_COLOR_NAME = AccentColor;
				CODE_SIGN_STYLE = Automatic;
				CURRENT_PROJECT_VERSION = 1;
				DEVELOPMENT_TEAM = 8R3N359429;
				GENERATE_INFOPLIST_FILE = YES;
				INFOPLIST_FILE = SuGo/Resources/Info.plist;
				INFOPLIST_KEY_UIApplicationSupportsIndirectInputEvents = YES;
				INFOPLIST_KEY_UILaunchStoryboardName = LaunchScreen;
				INFOPLIST_KEY_UIMainStoryboardFile = TabBarView;
				INFOPLIST_KEY_UISupportedInterfaceOrientations_iPad = "UIInterfaceOrientationPortrait UIInterfaceOrientationPortraitUpsideDown UIInterfaceOrientationLandscapeLeft UIInterfaceOrientationLandscapeRight";
				INFOPLIST_KEY_UISupportedInterfaceOrientations_iPhone = "UIInterfaceOrientationPortrait UIInterfaceOrientationLandscapeLeft UIInterfaceOrientationLandscapeRight";
				LD_RUNPATH_SEARCH_PATHS = (
					"$(inherited)",
					"@executable_path/Frameworks",
				);
				MARKETING_VERSION = 1.0;
				PRODUCT_BUNDLE_IDENTIFIER = com.sozohoy.SuGo;
				PRODUCT_NAME = "$(TARGET_NAME)";
				SWIFT_EMIT_LOC_STRINGS = YES;
				SWIFT_VERSION = 5.0;
				TARGETED_DEVICE_FAMILY = "1,2";
			};
			name = Debug;
		};
		AF513BE828CA159800580240 /* Release */ = {
			isa = XCBuildConfiguration;
			baseConfigurationReference = 085E25C41FC74F2DA148EB24 /* Pods-SuGo.release.xcconfig */;
			buildSettings = {
				ASSETCATALOG_COMPILER_APPICON_NAME = AppIcon;
				ASSETCATALOG_COMPILER_GLOBAL_ACCENT_COLOR_NAME = AccentColor;
				CODE_SIGN_STYLE = Automatic;
				CURRENT_PROJECT_VERSION = 1;
				DEVELOPMENT_TEAM = 8R3N359429;
				GENERATE_INFOPLIST_FILE = YES;
				INFOPLIST_FILE = SuGo/Resources/Info.plist;
				INFOPLIST_KEY_UIApplicationSupportsIndirectInputEvents = YES;
				INFOPLIST_KEY_UILaunchStoryboardName = LaunchScreen;
				INFOPLIST_KEY_UIMainStoryboardFile = TabBarView;
				INFOPLIST_KEY_UISupportedInterfaceOrientations_iPad = "UIInterfaceOrientationPortrait UIInterfaceOrientationPortraitUpsideDown UIInterfaceOrientationLandscapeLeft UIInterfaceOrientationLandscapeRight";
				INFOPLIST_KEY_UISupportedInterfaceOrientations_iPhone = "UIInterfaceOrientationPortrait UIInterfaceOrientationLandscapeLeft UIInterfaceOrientationLandscapeRight";
				LD_RUNPATH_SEARCH_PATHS = (
					"$(inherited)",
					"@executable_path/Frameworks",
				);
				MARKETING_VERSION = 1.0;
				PRODUCT_BUNDLE_IDENTIFIER = com.sozohoy.SuGo;
				PRODUCT_NAME = "$(TARGET_NAME)";
				SWIFT_EMIT_LOC_STRINGS = YES;
				SWIFT_VERSION = 5.0;
				TARGETED_DEVICE_FAMILY = "1,2";
			};
			name = Release;
		};
/* End XCBuildConfiguration section */

/* Begin XCConfigurationList section */
		AF513BCD28CA159600580240 /* Build configuration list for PBXProject "SuGo" */ = {
			isa = XCConfigurationList;
			buildConfigurations = (
				AF513BE428CA159800580240 /* Debug */,
				AF513BE528CA159800580240 /* Release */,
			);
			defaultConfigurationIsVisible = 0;
			defaultConfigurationName = Release;
		};
		AF513BE628CA159800580240 /* Build configuration list for PBXNativeTarget "SuGo" */ = {
			isa = XCConfigurationList;
			buildConfigurations = (
				AF513BE728CA159800580240 /* Debug */,
				AF513BE828CA159800580240 /* Release */,
			);
			defaultConfigurationIsVisible = 0;
			defaultConfigurationName = Release;
		};
/* End XCConfigurationList section */
	};
	rootObject = AF513BCA28CA159600580240 /* Project object */;
}
