// !$*UTF8*$!
{
	archiveVersion = 1;
	classes = {
	};
	objectVersion = 55;
	objects = {

/* Begin PBXBuildFile section */
		AF513BD628CA159600580240 /* AppDelegate.swift in Sources */ = {isa = PBXBuildFile; fileRef = AF513BD528CA159600580240 /* AppDelegate.swift */; };
		AF513BD828CA159600580240 /* SceneDelegate.swift in Sources */ = {isa = PBXBuildFile; fileRef = AF513BD728CA159600580240 /* SceneDelegate.swift */; };
		AF513BDA28CA159600580240 /* HomeController.swift in Sources */ = {isa = PBXBuildFile; fileRef = AF513BD928CA159600580240 /* HomeController.swift */; };
		AF513BDD28CA159600580240 /* HomeView.storyboard in Resources */ = {isa = PBXBuildFile; fileRef = AF513BDB28CA159600580240 /* HomeView.storyboard */; };
		AF513BDF28CA159800580240 /* Assets.xcassets in Resources */ = {isa = PBXBuildFile; fileRef = AF513BDE28CA159800580240 /* Assets.xcassets */; };
		AF513BE228CA159800580240 /* LaunchScreen.storyboard in Resources */ = {isa = PBXBuildFile; fileRef = AF513BE028CA159800580240 /* LaunchScreen.storyboard */; };
		AF513BEE28CA161D00580240 /* Post.swift in Sources */ = {isa = PBXBuildFile; fileRef = AF513BED28CA161D00580240 /* Post.swift */; };
		AF6E917128D1F24F005480A6 /* UserInfoView.storyboard in Resources */ = {isa = PBXBuildFile; fileRef = AF6E917028D1F24F005480A6 /* UserInfoView.storyboard */; };
		AF827B4128D1E6C800817FE1 /* UserInfoController.swift in Sources */ = {isa = PBXBuildFile; fileRef = AF827B4028D1E6C800817FE1 /* UserInfoController.swift */; };
		AF827B4328D1E70900817FE1 /* TabBarController.swift in Sources */ = {isa = PBXBuildFile; fileRef = AF827B4228D1E70900817FE1 /* TabBarController.swift */; };
		AF827B4528D1ED9500817FE1 /* TabBarView.storyboard in Resources */ = {isa = PBXBuildFile; fileRef = AF827B4428D1ED9500817FE1 /* TabBarView.storyboard */; };
		AFD7BF1D28D5BF7700F42908 /* UINavigationItem+Extensions.swift in Sources */ = {isa = PBXBuildFile; fileRef = AFD7BF1C28D5BF7700F42908 /* UINavigationItem+Extensions.swift */; };
		AFD7BF1F28D5D1E400F42908 /* PostView.storyboard in Resources */ = {isa = PBXBuildFile; fileRef = AFD7BF1E28D5D1E400F42908 /* PostView.storyboard */; };
		AFD7BF2128D5D1F500F42908 /* PostController.swift in Sources */ = {isa = PBXBuildFile; fileRef = AFD7BF2028D5D1F500F42908 /* PostController.swift */; };
		D41456969C86041FBC77F7EC /* Pods_SuGo.framework in Frameworks */ = {isa = PBXBuildFile; fileRef = D470B62586794582C8169F7C /* Pods_SuGo.framework */; };
/* End PBXBuildFile section */

/* Begin PBXFileReference section */
		085E25C41FC74F2DA148EB24 /* Pods-SuGo.release.xcconfig */ = {isa = PBXFileReference; includeInIndex = 1; lastKnownFileType = text.xcconfig; name = "Pods-SuGo.release.xcconfig"; path = "Target Support Files/Pods-SuGo/Pods-SuGo.release.xcconfig"; sourceTree = "<group>"; };
		3DB648DA6A2F310C9EC3E62F /* Pods-SuGo.debug.xcconfig */ = {isa = PBXFileReference; includeInIndex = 1; lastKnownFileType = text.xcconfig; name = "Pods-SuGo.debug.xcconfig"; path = "Target Support Files/Pods-SuGo/Pods-SuGo.debug.xcconfig"; sourceTree = "<group>"; };
		AF513BD228CA159600580240 /* SuGo.app */ = {isa = PBXFileReference; explicitFileType = wrapper.application; includeInIndex = 0; path = SuGo.app; sourceTree = BUILT_PRODUCTS_DIR; };
		AF513BD528CA159600580240 /* AppDelegate.swift */ = {isa = PBXFileReference; lastKnownFileType = sourcecode.swift; path = AppDelegate.swift; sourceTree = "<group>"; };
		AF513BD728CA159600580240 /* SceneDelegate.swift */ = {isa = PBXFileReference; lastKnownFileType = sourcecode.swift; path = SceneDelegate.swift; sourceTree = "<group>"; };
		AF513BD928CA159600580240 /* HomeController.swift */ = {isa = PBXFileReference; lastKnownFileType = sourcecode.swift; path = HomeController.swift; sourceTree = "<group>"; };
		AF513BDC28CA159600580240 /* Base */ = {isa = PBXFileReference; lastKnownFileType = file.storyboard; name = Base; path = Base.lproj/HomeView.storyboard; sourceTree = "<group>"; };
		AF513BDE28CA159800580240 /* Assets.xcassets */ = {isa = PBXFileReference; lastKnownFileType = folder.assetcatalog; path = Assets.xcassets; sourceTree = "<group>"; };
		AF513BE128CA159800580240 /* Base */ = {isa = PBXFileReference; lastKnownFileType = file.storyboard; name = Base; path = Base.lproj/LaunchScreen.storyboard; sourceTree = "<group>"; };
		AF513BE328CA159800580240 /* Info.plist */ = {isa = PBXFileReference; lastKnownFileType = text.plist.xml; path = Info.plist; sourceTree = "<group>"; };
		AF513BED28CA161D00580240 /* Post.swift */ = {isa = PBXFileReference; lastKnownFileType = sourcecode.swift; path = Post.swift; sourceTree = "<group>"; };
		AF6E917028D1F24F005480A6 /* UserInfoView.storyboard */ = {isa = PBXFileReference; lastKnownFileType = file.storyboard; path = UserInfoView.storyboard; sourceTree = "<group>"; };
		AF827B4028D1E6C800817FE1 /* UserInfoController.swift */ = {isa = PBXFileReference; lastKnownFileType = sourcecode.swift; path = UserInfoController.swift; sourceTree = "<group>"; };
		AF827B4228D1E70900817FE1 /* TabBarController.swift */ = {isa = PBXFileReference; lastKnownFileType = sourcecode.swift; path = TabBarController.swift; sourceTree = "<group>"; };
		AF827B4428D1ED9500817FE1 /* TabBarView.storyboard */ = {isa = PBXFileReference; lastKnownFileType = file.storyboard; path = TabBarView.storyboard; sourceTree = "<group>"; };
		AFD7BF1C28D5BF7700F42908 /* UINavigationItem+Extensions.swift */ = {isa = PBXFileReference; lastKnownFileType = sourcecode.swift; path = "UINavigationItem+Extensions.swift"; sourceTree = "<group>"; };
		AFD7BF1E28D5D1E400F42908 /* PostView.storyboard */ = {isa = PBXFileReference; lastKnownFileType = file.storyboard; path = PostView.storyboard; sourceTree = "<group>"; };
		AFD7BF2028D5D1F500F42908 /* PostController.swift */ = {isa = PBXFileReference; lastKnownFileType = sourcecode.swift; path = PostController.swift; sourceTree = "<group>"; };
		D470B62586794582C8169F7C /* Pods_SuGo.framework */ = {isa = PBXFileReference; explicitFileType = wrapper.framework; includeInIndex = 0; path = Pods_SuGo.framework; sourceTree = BUILT_PRODUCTS_DIR; };
/* End PBXFileReference section */

/* Begin PBXFrameworksBuildPhase section */
		AF513BCF28CA159600580240 /* Frameworks */ = {
			isa = PBXFrameworksBuildPhase;
			buildActionMask = 2147483647;
			files = (
				D41456969C86041FBC77F7EC /* Pods_SuGo.framework in Frameworks */,
			);
			runOnlyForDeploymentPostprocessing = 0;
		};
/* End PBXFrameworksBuildPhase section */

/* Begin PBXGroup section */
		09510D306360B300270E98AB /* Pods */ = {
			isa = PBXGroup;
			children = (
				3DB648DA6A2F310C9EC3E62F /* Pods-SuGo.debug.xcconfig */,
				085E25C41FC74F2DA148EB24 /* Pods-SuGo.release.xcconfig */,
			);
			name = Pods;
			path = Pods;
			sourceTree = "<group>";
		};
		4C5CC79702149F3FADEA2B75 /* Frameworks */ = {
			isa = PBXGroup;
			children = (
				D470B62586794582C8169F7C /* Pods_SuGo.framework */,
			);
			name = Frameworks;
			sourceTree = "<group>";
		};
		AF513BC928CA159600580240 = {
			isa = PBXGroup;
			children = (
				AF513BD428CA159600580240 /* SuGo */,
				AF513BD328CA159600580240 /* Products */,
				09510D306360B300270E98AB /* Pods */,
				4C5CC79702149F3FADEA2B75 /* Frameworks */,
			);
			sourceTree = "<group>";
		};
		AF513BD328CA159600580240 /* Products */ = {
			isa = PBXGroup;
			children = (
				AF513BD228CA159600580240 /* SuGo.app */,
			);
			name = Products;
			sourceTree = "<group>";
		};
		AF513BD428CA159600580240 /* SuGo */ = {
			isa = PBXGroup;
			children = (
				AFD7BF1B28D5BF3D00F42908 /* Extension */,
				AF513BEB28CA15BB00580240 /* Model */,
				AF513BE928CA15AE00580240 /* View */,
				AF513BEA28CA15B500580240 /* Controller */,
				AF513BEC28CA15EB00580240 /* Resources */,
			);
			path = SuGo;
			sourceTree = "<group>";
		};
		AF513BE928CA15AE00580240 /* View */ = {
			isa = PBXGroup;
			children = (
				AF827B4428D1ED9500817FE1 /* TabBarView.storyboard */,
				AF513BDB28CA159600580240 /* HomeView.storyboard */,
				AFD7BF1E28D5D1E400F42908 /* PostView.storyboard */,
				AF6E917028D1F24F005480A6 /* UserInfoView.storyboard */,
				AF513BE028CA159800580240 /* LaunchScreen.storyboard */,
			);
			path = View;
			sourceTree = "<group>";
		};
		AF513BEA28CA15B500580240 /* Controller */ = {
			isa = PBXGroup;
			children = (
				AF827B4228D1E70900817FE1 /* TabBarController.swift */,
				AF513BD928CA159600580240 /* HomeController.swift */,
				AFD7BF2028D5D1F500F42908 /* PostController.swift */,
				AF827B4028D1E6C800817FE1 /* UserInfoController.swift */,
			);
			path = Controller;
			sourceTree = "<group>";
		};
		AF513BEB28CA15BB00580240 /* Model */ = {
			isa = PBXGroup;
			children = (
				AF513BED28CA161D00580240 /* Post.swift */,
			);
			path = Model;
			sourceTree = "<group>";
		};
		AF513BEC28CA15EB00580240 /* Resources */ = {
			isa = PBXGroup;
			children = (
				AF513BD528CA159600580240 /* AppDelegate.swift */,
				AF513BD728CA159600580240 /* SceneDelegate.swift */,
				AF513BDE28CA159800580240 /* Assets.xcassets */,
				AF513BE328CA159800580240 /* Info.plist */,
			);
			path = Resources;
			sourceTree = "<group>";
		};
		AFD7BF1B28D5BF3D00F42908 /* Extension */ = {
			isa = PBXGroup;
			children = (
				AFD7BF1C28D5BF7700F42908 /* UINavigationItem+Extensions.swift */,
			);
			path = Extension;
			sourceTree = "<group>";
		};
/* End PBXGroup section */

/* Begin PBXNativeTarget section */
		AF513BD128CA159600580240 /* SuGo */ = {
			isa = PBXNativeTarget;
			buildConfigurationList = AF513BE628CA159800580240 /* Build configuration list for PBXNativeTarget "SuGo" */;
			buildPhases = (
				583A87A6CF7C3D39D76925BA /* [CP] Check Pods Manifest.lock */,
				AF513BCE28CA159600580240 /* Sources */,
				AF513BCF28CA159600580240 /* Frameworks */,
				AF513BD028CA159600580240 /* Resources */,
				37BDEEB9194E42EF6C8CB683 /* [CP] Embed Pods Frameworks */,
			);
			buildRules = (
			);
			dependencies = (
			);
			name = SuGo;
			productName = SuGo;
			productReference = AF513BD228CA159600580240 /* SuGo.app */;
			productType = "com.apple.product-type.application";
		};
/* End PBXNativeTarget section */

/* Begin PBXProject section */
		AF513BCA28CA159600580240 /* Project object */ = {
			isa = PBXProject;
			attributes = {
				BuildIndependentTargetsInParallel = 1;
				LastSwiftUpdateCheck = 1340;
				LastUpgradeCheck = 1340;
				TargetAttributes = {
					AF513BD128CA159600580240 = {
						CreatedOnToolsVersion = 13.4.1;
					};
				};
			};
			buildConfigurationList = AF513BCD28CA159600580240 /* Build configuration list for PBXProject "SuGo" */;
			compatibilityVersion = "Xcode 13.0";
			developmentRegion = en;
			hasScannedForEncodings = 0;
			knownRegions = (
				en,
				Base,
			);
			mainGroup = AF513BC928CA159600580240;
			productRefGroup = AF513BD328CA159600580240 /* Products */;
			projectDirPath = "";
			projectRoot = "";
			targets = (
				AF513BD128CA159600580240 /* SuGo */,
			);
		};
/* End PBXProject section */

/* Begin PBXResourcesBuildPhase section */
		AF513BD028CA159600580240 /* Resources */ = {
			isa = PBXResourcesBuildPhase;
			buildActionMask = 2147483647;
			files = (
				AF513BE228CA159800580240 /* LaunchScreen.storyboard in Resources */,
				AF827B4528D1ED9500817FE1 /* TabBarView.storyboard in Resources */,
				AF513BDF28CA159800580240 /* Assets.xcassets in Resources */,
				AF6E917128D1F24F005480A6 /* UserInfoView.storyboard in Resources */,
				AF513BDD28CA159600580240 /* HomeView.storyboard in Resources */,
				AFD7BF1F28D5D1E400F42908 /* PostView.storyboard in Resources */,
			);
			runOnlyForDeploymentPostprocessing = 0;
		};
/* End PBXResourcesBuildPhase section */

/* Begin PBXShellScriptBuildPhase section */
		37BDEEB9194E42EF6C8CB683 /* [CP] Embed Pods Frameworks */ = {
			isa = PBXShellScriptBuildPhase;
			buildActionMask = 2147483647;
			files = (
			);
			inputFileListPaths = (
				"${PODS_ROOT}/Target Support Files/Pods-SuGo/Pods-SuGo-frameworks-${CONFIGURATION}-input-files.xcfilelist",
			);
			name = "[CP] Embed Pods Frameworks";
			outputFileListPaths = (
				"${PODS_ROOT}/Target Support Files/Pods-SuGo/Pods-SuGo-frameworks-${CONFIGURATION}-output-files.xcfilelist",
			);
			runOnlyForDeploymentPostprocessing = 0;
			shellPath = /bin/sh;
			shellScript = "\"${PODS_ROOT}/Target Support Files/Pods-SuGo/Pods-SuGo-frameworks.sh\"\n";
			showEnvVarsInLog = 0;
		};
		583A87A6CF7C3D39D76925BA /* [CP] Check Pods Manifest.lock */ = {
			isa = PBXShellScriptBuildPhase;
			buildActionMask = 2147483647;
			files = (
			);
			inputFileListPaths = (
			);
			inputPaths = (
				"${PODS_PODFILE_DIR_PATH}/Podfile.lock",
				"${PODS_ROOT}/Manifest.lock",
			);
			name = "[CP] Check Pods Manifest.lock";
			outputFileListPaths = (
			);
			outputPaths = (
				"$(DERIVED_FILE_DIR)/Pods-SuGo-checkManifestLockResult.txt",
			);
			runOnlyForDeploymentPostprocessing = 0;
			shellPath = /bin/sh;
			shellScript = "diff \"${PODS_PODFILE_DIR_PATH}/Podfile.lock\" \"${PODS_ROOT}/Manifest.lock\" > /dev/null\nif [ $? != 0 ] ; then\n    # print error to STDERR\n    echo \"error: The sandbox is not in sync with the Podfile.lock. Run 'pod install' or update your CocoaPods installation.\" >&2\n    exit 1\nfi\n# This output is used by Xcode 'outputs' to avoid re-running this script phase.\necho \"SUCCESS\" > \"${SCRIPT_OUTPUT_FILE_0}\"\n";
			showEnvVarsInLog = 0;
		};
/* End PBXShellScriptBuildPhase section */

/* Begin PBXSourcesBuildPhase section */
		AF513BCE28CA159600580240 /* Sources */ = {
			isa = PBXSourcesBuildPhase;
			buildActionMask = 2147483647;
			files = (
				AFD7BF1D28D5BF7700F42908 /* UINavigationItem+Extensions.swift in Sources */,
				AFD7BF2128D5D1F500F42908 /* PostController.swift in Sources */,
				AF827B4128D1E6C800817FE1 /* UserInfoController.swift in Sources */,
				AF513BDA28CA159600580240 /* HomeController.swift in Sources */,
				AF513BD628CA159600580240 /* AppDelegate.swift in Sources */,
				AF827B4328D1E70900817FE1 /* TabBarController.swift in Sources */,
				AF513BD828CA159600580240 /* SceneDelegate.swift in Sources */,
				AF513BEE28CA161D00580240 /* Post.swift in Sources */,
			);
			runOnlyForDeploymentPostprocessing = 0;
		};
/* End PBXSourcesBuildPhase section */

/* Begin PBXVariantGroup section */
		AF513BDB28CA159600580240 /* HomeView.storyboard */ = {
			isa = PBXVariantGroup;
			children = (
				AF513BDC28CA159600580240 /* Base */,
			);
			name = HomeView.storyboard;
			sourceTree = "<group>";
		};
		AF513BE028CA159800580240 /* LaunchScreen.storyboard */ = {
			isa = PBXVariantGroup;
			children = (
				AF513BE128CA159800580240 /* Base */,
			);
			name = LaunchScreen.storyboard;
			sourceTree = "<group>";
		};
/* End PBXVariantGroup section */

/* Begin XCBuildConfiguration section */
		AF513BE428CA159800580240 /* Debug */ = {
			isa = XCBuildConfiguration;
			buildSettings = {
				ALWAYS_SEARCH_USER_PATHS = NO;
				CLANG_ANALYZER_NONNULL = YES;
				CLANG_ANALYZER_NUMBER_OBJECT_CONVERSION = YES_AGGRESSIVE;
				CLANG_CXX_LANGUAGE_STANDARD = "gnu++17";
				CLANG_ENABLE_MODULES = YES;
				CLANG_ENABLE_OBJC_ARC = YES;
				CLANG_ENABLE_OBJC_WEAK = YES;
				CLANG_WARN_BLOCK_CAPTURE_AUTORELEASING = YES;
				CLANG_WARN_BOOL_CONVERSION = YES;
				CLANG_WARN_COMMA = YES;
				CLANG_WARN_CONSTANT_CONVERSION = YES;
				CLANG_WARN_DEPRECATED_OBJC_IMPLEMENTATIONS = YES;
				CLANG_WARN_DIRECT_OBJC_ISA_USAGE = YES_ERROR;
				CLANG_WARN_DOCUMENTATION_COMMENTS = YES;
				CLANG_WARN_EMPTY_BODY = YES;
				CLANG_WARN_ENUM_CONVERSION = YES;
				CLANG_WARN_INFINITE_RECURSION = YES;
				CLANG_WARN_INT_CONVERSION = YES;
				CLANG_WARN_NON_LITERAL_NULL_CONVERSION = YES;
				CLANG_WARN_OBJC_IMPLICIT_RETAIN_SELF = YES;
				CLANG_WARN_OBJC_LITERAL_CONVERSION = YES;
				CLANG_WARN_OBJC_ROOT_CLASS = YES_ERROR;
				CLANG_WARN_QUOTED_INCLUDE_IN_FRAMEWORK_HEADER = YES;
				CLANG_WARN_RANGE_LOOP_ANALYSIS = YES;
				CLANG_WARN_STRICT_PROTOTYPES = YES;
				CLANG_WARN_SUSPICIOUS_MOVE = YES;
				CLANG_WARN_UNGUARDED_AVAILABILITY = YES_AGGRESSIVE;
				CLANG_WARN_UNREACHABLE_CODE = YES;
				CLANG_WARN__DUPLICATE_METHOD_MATCH = YES;
				COPY_PHASE_STRIP = NO;
				DEBUG_INFORMATION_FORMAT = dwarf;
				ENABLE_STRICT_OBJC_MSGSEND = YES;
				ENABLE_TESTABILITY = YES;
				GCC_C_LANGUAGE_STANDARD = gnu11;
				GCC_DYNAMIC_NO_PIC = NO;
				GCC_NO_COMMON_BLOCKS = YES;
				GCC_OPTIMIZATION_LEVEL = 0;
				GCC_PREPROCESSOR_DEFINITIONS = (
					"DEBUG=1",
					"$(inherited)",
				);
				GCC_WARN_64_TO_32_BIT_CONVERSION = YES;
				GCC_WARN_ABOUT_RETURN_TYPE = YES_ERROR;
				GCC_WARN_UNDECLARED_SELECTOR = YES;
				GCC_WARN_UNINITIALIZED_AUTOS = YES_AGGRESSIVE;
				GCC_WARN_UNUSED_FUNCTION = YES;
				GCC_WARN_UNUSED_VARIABLE = YES;
				IPHONEOS_DEPLOYMENT_TARGET = 15.5;
				MTL_ENABLE_DEBUG_INFO = INCLUDE_SOURCE;
				MTL_FAST_MATH = YES;
				ONLY_ACTIVE_ARCH = YES;
				SDKROOT = iphoneos;
				SWIFT_ACTIVE_COMPILATION_CONDITIONS = DEBUG;
				SWIFT_OPTIMIZATION_LEVEL = "-Onone";
			};
			name = Debug;
		};
		AF513BE528CA159800580240 /* Release */ = {
			isa = XCBuildConfiguration;
			buildSettings = {
				ALWAYS_SEARCH_USER_PATHS = NO;
				CLANG_ANALYZER_NONNULL = YES;
				CLANG_ANALYZER_NUMBER_OBJECT_CONVERSION = YES_AGGRESSIVE;
				CLANG_CXX_LANGUAGE_STANDARD = "gnu++17";
				CLANG_ENABLE_MODULES = YES;
				CLANG_ENABLE_OBJC_ARC = YES;
				CLANG_ENABLE_OBJC_WEAK = YES;
				CLANG_WARN_BLOCK_CAPTURE_AUTORELEASING = YES;
				CLANG_WARN_BOOL_CONVERSION = YES;
				CLANG_WARN_COMMA = YES;
				CLANG_WARN_CONSTANT_CONVERSION = YES;
				CLANG_WARN_DEPRECATED_OBJC_IMPLEMENTATIONS = YES;
				CLANG_WARN_DIRECT_OBJC_ISA_USAGE = YES_ERROR;
				CLANG_WARN_DOCUMENTATION_COMMENTS = YES;
				CLANG_WARN_EMPTY_BODY = YES;
				CLANG_WARN_ENUM_CONVERSION = YES;
				CLANG_WARN_INFINITE_RECURSION = YES;
				CLANG_WARN_INT_CONVERSION = YES;
				CLANG_WARN_NON_LITERAL_NULL_CONVERSION = YES;
				CLANG_WARN_OBJC_IMPLICIT_RETAIN_SELF = YES;
				CLANG_WARN_OBJC_LITERAL_CONVERSION = YES;
				CLANG_WARN_OBJC_ROOT_CLASS = YES_ERROR;
				CLANG_WARN_QUOTED_INCLUDE_IN_FRAMEWORK_HEADER = YES;
				CLANG_WARN_RANGE_LOOP_ANALYSIS = YES;
				CLANG_WARN_STRICT_PROTOTYPES = YES;
				CLANG_WARN_SUSPICIOUS_MOVE = YES;
				CLANG_WARN_UNGUARDED_AVAILABILITY = YES_AGGRESSIVE;
				CLANG_WARN_UNREACHABLE_CODE = YES;
				CLANG_WARN__DUPLICATE_METHOD_MATCH = YES;
				COPY_PHASE_STRIP = NO;
				DEBUG_INFORMATION_FORMAT = "dwarf-with-dsym";
				ENABLE_NS_ASSERTIONS = NO;
				ENABLE_STRICT_OBJC_MSGSEND = YES;
				GCC_C_LANGUAGE_STANDARD = gnu11;
				GCC_NO_COMMON_BLOCKS = YES;
				GCC_WARN_64_TO_32_BIT_CONVERSION = YES;
				GCC_WARN_ABOUT_RETURN_TYPE = YES_ERROR;
				GCC_WARN_UNDECLARED_SELECTOR = YES;
				GCC_WARN_UNINITIALIZED_AUTOS = YES_AGGRESSIVE;
				GCC_WARN_UNUSED_FUNCTION = YES;
				GCC_WARN_UNUSED_VARIABLE = YES;
				IPHONEOS_DEPLOYMENT_TARGET = 15.5;
				MTL_ENABLE_DEBUG_INFO = NO;
				MTL_FAST_MATH = YES;
				SDKROOT = iphoneos;
				SWIFT_COMPILATION_MODE = wholemodule;
				SWIFT_OPTIMIZATION_LEVEL = "-O";
				VALIDATE_PRODUCT = YES;
			};
			name = Release;
		};
		AF513BE728CA159800580240 /* Debug */ = {
			isa = XCBuildConfiguration;
			baseConfigurationReference = 3DB648DA6A2F310C9EC3E62F /* Pods-SuGo.debug.xcconfig */;
			buildSettings = {
				ASSETCATALOG_COMPILER_APPICON_NAME = AppIcon;
				ASSETCATALOG_COMPILER_GLOBAL_ACCENT_COLOR_NAME = AccentColor;
				CODE_SIGN_STYLE = Automatic;
				CURRENT_PROJECT_VERSION = 1;
				DEVELOPMENT_TEAM = 8R3N359429;
				GENERATE_INFOPLIST_FILE = YES;
				INFOPLIST_FILE = SuGo/Resources/Info.plist;
				INFOPLIST_KEY_UIApplicationSupportsIndirectInputEvents = YES;
				INFOPLIST_KEY_UILaunchStoryboardName = LaunchScreen;
				INFOPLIST_KEY_UIMainStoryboardFile = TabBarView;
				INFOPLIST_KEY_UISupportedInterfaceOrientations_iPad = "UIInterfaceOrientationPortrait UIInterfaceOrientationPortraitUpsideDown UIInterfaceOrientationLandscapeLeft UIInterfaceOrientationLandscapeRight";
				INFOPLIST_KEY_UISupportedInterfaceOrientations_iPhone = "UIInterfaceOrientationPortrait UIInterfaceOrientationLandscapeLeft UIInterfaceOrientationLandscapeRight";
				LD_RUNPATH_SEARCH_PATHS = (
					"$(inherited)",
					"@executable_path/Frameworks",
				);
				MARKETING_VERSION = 1.0;
				PRODUCT_BUNDLE_IDENTIFIER = com.sozohoy.SuGo;
				PRODUCT_NAME = "$(TARGET_NAME)";
				SWIFT_EMIT_LOC_STRINGS = YES;
				SWIFT_VERSION = 5.0;
				TARGETED_DEVICE_FAMILY = "1,2";
			};
			name = Debug;
		};
		AF513BE828CA159800580240 /* Release */ = {
			isa = XCBuildConfiguration;
			baseConfigurationReference = 085E25C41FC74F2DA148EB24 /* Pods-SuGo.release.xcconfig */;
			buildSettings = {
				ASSETCATALOG_COMPILER_APPICON_NAME = AppIcon;
				ASSETCATALOG_COMPILER_GLOBAL_ACCENT_COLOR_NAME = AccentColor;
				CODE_SIGN_STYLE = Automatic;
				CURRENT_PROJECT_VERSION = 1;
				DEVELOPMENT_TEAM = 8R3N359429;
				GENERATE_INFOPLIST_FILE = YES;
				INFOPLIST_FILE = SuGo/Resources/Info.plist;
				INFOPLIST_KEY_UIApplicationSupportsIndirectInputEvents = YES;
				INFOPLIST_KEY_UILaunchStoryboardName = LaunchScreen;
				INFOPLIST_KEY_UIMainStoryboardFile = TabBarView;
				INFOPLIST_KEY_UISupportedInterfaceOrientations_iPad = "UIInterfaceOrientationPortrait UIInterfaceOrientationPortraitUpsideDown UIInterfaceOrientationLandscapeLeft UIInterfaceOrientationLandscapeRight";
				INFOPLIST_KEY_UISupportedInterfaceOrientations_iPhone = "UIInterfaceOrientationPortrait UIInterfaceOrientationLandscapeLeft UIInterfaceOrientationLandscapeRight";
				LD_RUNPATH_SEARCH_PATHS = (
					"$(inherited)",
					"@executable_path/Frameworks",
				);
				MARKETING_VERSION = 1.0;
				PRODUCT_BUNDLE_IDENTIFIER = com.sozohoy.SuGo;
				PRODUCT_NAME = "$(TARGET_NAME)";
				SWIFT_EMIT_LOC_STRINGS = YES;
				SWIFT_VERSION = 5.0;
				TARGETED_DEVICE_FAMILY = "1,2";
			};
			name = Release;
		};
/* End XCBuildConfiguration section */

/* Begin XCConfigurationList section */
		AF513BCD28CA159600580240 /* Build configuration list for PBXProject "SuGo" */ = {
			isa = XCConfigurationList;
			buildConfigurations = (
				AF513BE428CA159800580240 /* Debug */,
				AF513BE528CA159800580240 /* Release */,
			);
			defaultConfigurationIsVisible = 0;
			defaultConfigurationName = Release;
		};
		AF513BE628CA159800580240 /* Build configuration list for PBXNativeTarget "SuGo" */ = {
			isa = XCConfigurationList;
			buildConfigurations = (
				AF513BE728CA159800580240 /* Debug */,
				AF513BE828CA159800580240 /* Release */,
			);
			defaultConfigurationIsVisible = 0;
			defaultConfigurationName = Release;
		};
/* End XCConfigurationList section */
	};
	rootObject = AF513BCA28CA159600580240 /* Project object */;
}
